github.com/BurntSushi/toml v0.0.0-20160717150709-99064174e013 h1:8kwKwd3A/Fg0zN3OlURh5n1tqTR77TSECGH7NfK4HjE=
github.com/BurntSushi/toml v0.0.0-20160717150709-99064174e013/go.mod h1:xHWCNGjB5oqiDr8zfno3MHue2Ht5sIBksp03qcyfWMU=
github.com/ChimeraCoder/anaconda v0.0.0-20160509014622-91bfbf5de08d h1:/ECS08jQALok8wJMpU6UY4M9NrwNJnXn1z3GjxPnH8U=
github.com/ChimeraCoder/anaconda v0.0.0-20160509014622-91bfbf5de08d/go.mod h1:TCt3MijIq3Qqo9SBtuW/rrM4x7rDfWqYWHj8T7hLcLg=
github.com/ChimeraCoder/anaconda v1.0.0 h1:iFEwD9/eygHcyT/uZI3sG1SjUuvjlTZrqI4bY4art/E=
github.com/ChimeraCoder/anaconda v1.0.0/go.mod h1:TCt3MijIq3Qqo9SBtuW/rrM4x7rDfWqYWHj8T7hLcLg=
github.com/ChimeraCoder/anaconda v2.0.0+incompatible h1:slAmCJMpjEztM42qRfhFkh3gBLHnIUUmlMK5zFd60Pc=
github.com/ChimeraCoder/anaconda v2.0.0+incompatible/go.mod h1:TCt3MijIq3Qqo9SBtuW/rrM4x7rDfWqYWHj8T7hLcLg=
github.com/ChimeraCoder/tokenbucket v0.0.0-20131201223612-c5a927568de7 h1:VhNF/1LOAMtJOPjNt+f785lF3H37n1b/kiinFgqL6hM=
github.com/ChimeraCoder/tokenbucket v0.0.0-20131201223612-c5a927568de7/go.mod h1:b2EuEMLSG9q3bZ95ql1+8oVqzzrTNSiOQqSXWFBzxeI=
github.com/PuerkitoBio/goquery v1.0.2 h1:6eVgli+CgrpInQgyW5Unj3aqfzqFk/ALcKm6m0w7hgA=
github.com/PuerkitoBio/goquery v1.0.2/go.mod h1:T9ezsOHcCrDCgA8aF1Cqr3sSYbO/xgdy8/R/XiIMAhA=
github.com/ShowMax/go-fqdn v0.0.0-20180501083314-6f60894d629f h1:JXCLW7P0nQ6aNQkgqkSo5wMAPbkMRF9aetYchJyCTjw=
github.com/ShowMax/go-fqdn v0.0.0-20180501083314-6f60894d629f/go.mod h1:Wbphg/zwBzq1nUotnHP8day9iRhcMOwh7JFW1vkzq6w=
github.com/alecthomas/template v0.0.0-20160405071501-a0175ee3bccc h1:cAKDfWh5VpdgMhJosfJnn5/FoN2SRZ4p7fJNX58YPaU=
github.com/alecthomas/template v0.0.0-20160405071501-a0175ee3bccc/go.mod h1:LOuyumcjzFXgccqObfd/Ljyb9UuFJ6TxHnclSeseNhc=
github.com/alecthomas/units v0.0.0-20151022065526-2efee857e7cf h1:qet1QNfXsQxTZqLG4oE62mJzwPIB8+Tee4RNCL9ulrY=
github.com/alecthomas/units v0.0.0-20151022065526-2efee857e7cf/go.mod h1:ybxpYRFXyAe+OPACYpWeL0wqObRcbAqCMya13uyzqw0=
github.com/andybalholm/cascadia v0.0.0-20161224141413-349dd0209470 h1:4jHLmof+Hba81591gfH5xYA8QXzuvgksxwPNrmjR2BA=
github.com/andybalholm/cascadia v0.0.0-20161224141413-349dd0209470/go.mod h1:3I+3V7B6gTBYfdpYgIG2ymALS9H+5VDKUl3lHH7ToM4=
github.com/armon/circbuf v0.0.0-20150827004946-bbbad097214e/go.mod h1:3U/XgcO3hCbHZ8TKRvWD2dDTCfh9M9ya+I9JpbB7O8o=
github.com/axgle/mahonia v0.0.0-20151019004008-c528b747d92d h1:23UwR+FuqjkWtYdp/s2r/xq23IFmk7zVzUx04xg4OJw=
github.com/axgle/mahonia v0.0.0-20151019004008-c528b747d92d/go.mod h1:Q8n74mJTIgjX4RBBcHnJ05h//6/k6foqmgE45jTQtxg=
github.com/azr/backoff v0.0.0-20160115115103-53511d3c7330 h1:ekDALXAVvY/Ub1UtNta3inKQwZ/jMB/zpOtD8rAYh78=
github.com/azr/backoff v0.0.0-20160115115103-53511d3c7330/go.mod h1:nH+k0SvAt3HeiYyOlJpLLv1HG1p7KWP7qU9QPp2/pCo=
github.com/beorn7/perks v0.0.0-20160229213445-3ac7bf7a47d1 h1:OnJHjoVbY69GG4gclp0ngXfywigLhR6rrgUxmxQRWO4=
github.com/beorn7/perks v0.0.0-20160229213445-3ac7bf7a47d1/go.mod h1:Dwedo/Wpr24TaqPxmxbtue+5NUziq4I4S80YR8gNf3Q=
github.com/boltdb/bolt v0.0.0-20161228232656-a705895fdad1 h1:gfAdPgbZmMzFRRwZ5r0Vc+4xcyfLZjRiH0iHPOhYfYs=
github.com/boltdb/bolt v0.0.0-20161228232656-a705895fdad1/go.mod h1:clJnj/oiGkjum5o1McbSZDSLxVThjynRyGBgiAx27Ps=
github.com/clbanning/mxj v0.0.0-20171212153421-f65883c94005 h1:j+kMB4c21W+xxydov3/e2q91rBRu6yii8+XH6w1Yg8A=
github.com/clbanning/mxj v0.0.0-20171212153421-f65883c94005/go.mod h1:BVjHeAH+rl9rs6f+QIpeRl0tfu10SXn1pUSa5PVGJng=
github.com/davecgh/go-spew v0.0.0-20150410154642-3e6e67c4dcea h1:Oajk9KUcNc6BM0MFLLuTJsNGwfF9IZtZylpx15wSmQA=
github.com/davecgh/go-spew v0.0.0-20150410154642-3e6e67c4dcea/go.mod h1:J7Y8YcW2NihsgmVo/mv3lAwl/skON4iLHjSsI+c5H38=
github.com/davidscholberg/go-durationfmt v0.0.0-20170122144659-64843a2083d3 h1:qshMBFxVjYjzI+kwvWvgoByF3uMCvnJiaK8KslWAbr8=
github.com/davidscholberg/go-durationfmt v0.0.0-20170122144659-64843a2083d3/go.mod h1:M9fx6rAdHSYLKxXPgUXGgblb586CA7ceNrpu4DEc2No=
github.com/dghubble/sling v0.0.0-20160713062357-3db1177a9ec0 h1:1LO7VsdStUKJIpfDUaf17QdJccHZ/zlM9s9/85CCp0s=
github.com/dghubble/sling v0.0.0-20160713062357-3db1177a9ec0/go.mod h1:ZcPRuLm0qrcULW2gOrjXrAWgf76sahqSyxXyVOvkunE=
github.com/dustin/go-jsonpointer v0.0.0-20150814064524-2efc9fef1d94 h1:knDK9R1Y2ZO1y53fhaF4AvyRbvU65N5zZbP5uM166Hs=
github.com/dustin/go-jsonpointer v0.0.0-20150814064524-2efc9fef1d94/go.mod h1:ORH5Qp2bskd9NzSfKqAF7tKfONsEkCarTE5ESr/RVBw=
github.com/dustin/gojson v0.0.0-20150115165335-af16e0e771e2 h1:aWzOz1ccU6hK9Gg5uaoj+osMpovG+UUolaxr9v6ictA=
github.com/dustin/gojson v0.0.0-20150115165335-af16e0e771e2/go.mod h1:mPKfmRa823oBIgl2r20LeMSpTAteW5j7FLkc0vjmzyQ=
github.com/elastic/go-lumber v0.1.0 h1:HUjpyg36v2HoKtXlEC53EJ3zDFiDRn65d7B8dBHNius=
github.com/elastic/go-lumber v0.1.0/go.mod h1:8YvjMIRYypWuPvpxx7WoijBYdbB7XIh/9FqSYQZTtxQ=
github.com/elazarl/go-bindata-assetfs v1.0.0 h1:G/bYguwHIzWq9ZoyUQqrjTmJbbYn3j3CKKpKinvZLFk=
github.com/elazarl/go-bindata-assetfs v1.0.0/go.mod h1:v+YaWX3bdea5J/mo8dSETolEo7R71Vk1u8bnjau5yw4=
github.com/etrepat/postman v0.0.3 h1:qIDCAxYmhKgCJ634N+YlGT46RlLu1PfComp6xxt5H+Q=
github.com/etrepat/postman v0.0.3/go.mod h1:WwSbPYXEASxANiye06Zts8005IiwxZYbWzMd+h/6S0k=
github.com/facebookgo/clock v0.0.0-20150410010913-600d898af40a h1:yDWHCSQ40h88yih2JAcL6Ls/kVkSE8GFACTGVnMPruw=
github.com/facebookgo/clock v0.0.0-20150410010913-600d898af40a/go.mod h1:7Ga40egUymuWXxAe151lTNnCv97MddSOVsjpPPkityA=
github.com/facebookgo/limitgroup v0.0.0-20150612190941-6abd8d71ec01 h1:IeaD1VDVBPlx3viJT9Md8if8IxxJnO+x0JCGb054heg=
github.com/facebookgo/limitgroup v0.0.0-20150612190941-6abd8d71ec01/go.mod h1:ypD5nozFk9vcGw1ATYefw6jHe/jZP++Z15/+VTMcWhc=
github.com/facebookgo/muster v0.0.0-20150708232844-fd3d7953fd52 h1:a4DFiKFJiDRGFD1qIcqGLX/WlUMD9dyLSLDt+9QZgt8=
github.com/facebookgo/muster v0.0.0-20150708232844-fd3d7953fd52/go.mod h1:yIquW87NGRw1FU5p5lEkpnt/QxoH5uPAOUlOVkAUuMg=
github.com/fatih/structs v1.0.0 h1:BrX964Rv5uQ3wwS+KRUAJCBBw5PQmgJfJ6v4yly5QwU=
github.com/fatih/structs v1.0.0/go.mod h1:9NiDSp5zOcgEDl+j00MP/WkGVPOlPRLejGD8Ga6PJ7M=
github.com/garyburd/go-oauth v0.0.0-20150215044201-a0e528aa0c45 h1:m96Q+wBGbFyc2vew6XZJCHIntlMmrkqe+sd9Y2rThV4=
github.com/garyburd/go-oauth v0.0.0-20150215044201-a0e528aa0c45/go.mod h1:HfkOCN6fkKKaPSAeNq/er3xObxTW4VLeY6UUK895gLQ=
github.com/gin-contrib/sse v0.0.0-20170109093832-22d885f9ecc7 h1:AzN37oI0cOS+cougNAV9szl6CVoj2RYwzS3DpUQNtlY=
github.com/gin-contrib/sse v0.0.0-20170109093832-22d885f9ecc7/go.mod h1:VJ0WA2NBN22VlZ2dKZQPAPnyWw5XTlK1KymzLKsr59s=
github.com/gin-gonic/gin v0.0.0-20170929084810-b8b68314faa0 h1:9NJhszAM+V+E0qESsPI3EGhCINyqzDWAwC0/dPEUexM=
github.com/gin-gonic/gin v0.0.0-20170929084810-b8b68314faa0/go.mod h1:7cKuhb5qV2ggCFctp2fJQ+ErvciLZrIeoOSOm6mUr7Y=
github.com/go-sql-driver/mysql v0.0.0-20150620200312-fb7299726d2e h1:/Aw3AAzugjLcokR1PbY1NQGhQCvwoykT3do04RfbXS8=
github.com/go-sql-driver/mysql v0.0.0-20150620200312-fb7299726d2e/go.mod h1:zAC/RDZ24gD3HViQzih4MyKcchzm+sOG5ZlKdlhCg5w=
github.com/golang/protobuf v0.0.0-20160226015542-552c7b9542c1 h1:iJQwrU7PtfuQXat1l43GxLv/6iidN3LP28T1l3fIS6c=
github.com/golang/protobuf v0.0.0-20160226015542-552c7b9542c1/go.mod h1:6lQm79b+lXiMfvg/cZm0SGofjICqVBUtrP5yJMmIC1U=
github.com/golang/snappy v0.0.0-20180518054509-2e65f85255db h1:woRePGFeVFfLKN/pOkfl+p/TAqKOfFu+7KPlMVpok/w=
github.com/golang/snappy v0.0.0-20180518054509-2e65f85255db/go.mod h1:/XxbfmMg8lxefKM7IXC3fBNl/7bRcc72aCRzEWrmP2Q=
github.com/google/go-querystring v0.0.0-20160401233042-9235644dd9e5 h1:oERTZ1buOUYlpmKaqlO5fYmz8cZ1rYu5DieJzF4ZVmU=
github.com/google/go-querystring v0.0.0-20160401233042-9235644dd9e5/go.mod h1:odCYkC5MyYFN7vkCjXpyrEuKhc/BUO6wN/zVPAxq5ck=
github.com/gorilla/context v0.0.0-20140604161150-14f550f51af5 h1:yCHB2BCyFu0V6ChUHb8sF2VodD5B0PAgPDoCxBE7ICQ=
github.com/gorilla/context v0.0.0-20140604161150-14f550f51af5/go.mod h1:kBGZzfjB9CEq2AlWe17Uuf7NDRt0dE0s8S51q0aT7Yg=
github.com/gorilla/securecookie v1.1.1 h1:miw7JPhV+b/lAHSXz4qd/nN9jRiAFV5FwjeKyCS8BvQ=
github.com/gorilla/securecookie v1.1.1/go.mod h1:ra0sb63/xPlUeL+yeDciTfxMRAA+MP+HVt/4epWDjd4=
github.com/gorilla/sessions v0.0.0-20170802141718-b61c93cb7f67 h1:VdH0BDsHNMeY3k2FFrRfu7N8x7TsW40nnwvwFnvFDLA=
github.com/gorilla/sessions v0.0.0-20170802141718-b61c93cb7f67/go.mod h1:+WVp8kdw6VhyKExm03PAMRn2ZxnPtm58pV0dBVPdhHE=
github.com/gorilla/websocket v0.0.0-20170319172727-a91eba7f9777 h1:JIM+OacoOJRU30xpjMf8sulYqjr0ViA3WDrTX6j/yDI=
github.com/gorilla/websocket v0.0.0-20170319172727-a91eba7f9777/go.mod h1:E7qHFY5m1UJ88s3WnNqhKjPHQ0heANvMoAMk2YaljkQ=
github.com/gosimple/slug v0.0.0-20150921195201-ea39c588e0a5 h1:EF/YvMMPSOM27mgqlQsW9QQLLy75ogXBTOFAuGRNhyw=
github.com/gosimple/slug v0.0.0-20150921195201-ea39c588e0a5/go.mod h1:ER78kgg1Mv0NQGlXiDe57DpCyfbNywXXZ9mIorhxAf0=
github.com/hashicorp/hcl v0.0.0-20161028233240-8fa153c5b4e9 h1:/PUjtOMt1QpGb+H9jaNnEA71RraB8gDaZ0j4glMmHvE=
github.com/hashicorp/hcl v0.0.0-20161028233240-8fa153c5b4e9/go.mod h1:oZtUIOe8dh44I2q6ScRibXws4Ajl+d+nod3AaR9vL5w=
github.com/hpcloud/tail v1.0.0 h1:nfCOvKYfkgYP8hkirhJocXT2+zOD8yUNjXaWfTlyFKI=
github.com/hpcloud/tail v1.0.0/go.mod h1:ab1qPbhIpdTxEkNHXyeSf5vhxWSCs/tWer42PpOxQnU=
github.com/hraban/lrucache v0.0.0-20150309112052-a1cd14943f73 h1:SaMZK8bRirLY9w3Qpvog83WDlwLaqF8Ok3Y9Z6yvorA=
github.com/hraban/lrucache v0.0.0-20150309112052-a1cd14943f73/go.mod h1:+tBYhqretLEsN5DVEuPwhftZwEdk8qSk2+QxX333v0I=
github.com/inconshreveable/mousetrap v1.0.0 h1:Z8tu5sraLXCXIcARxBp/8cbvlwVa7Z1NHg9XEKhtSvM=
github.com/inconshreveable/mousetrap v1.0.0/go.mod h1:PxqpIevigyE2G7u3NXJIT2ANytuPF1OarO4DADm73n8=
github.com/jaytaylor/html2text v0.0.0-20171214221713-7cd445abb89c h1:uLcKngVgM+5Gg2gLxK0CtOqcQ2Ru3F23q2MMH1gazTU=
github.com/jaytaylor/html2text v0.0.0-20171214221713-7cd445abb89c/go.mod h1:CVKlgaMiht+LXvHG173ujK6JUhZXKb2u/BQtjPDIvyk=
github.com/jehiah/go-strftime v0.0.0-20151206194810-2efbe75097a5 h1:E1bpycfzgfdJWK32+GOJDYVrep2fbX6cN6tYiXd+CGY=
github.com/jehiah/go-strftime v0.0.0-20151206194810-2efbe75097a5/go.mod h1:cJ6Cj7dQo+O6GJNiMx+Pa94qKj+TG8ONdKHgMNIyyag=
github.com/jeromer/syslogparser v0.0.0-20150717042840-ff71fe7a7d52 h1:5KLa+33UBLLj5rgnfnnRxyQFv5cnu4JOC9dfTvJBZ3Y=
github.com/jeromer/syslogparser v0.0.0-20150717042840-ff71fe7a7d52/go.mod h1:mQyv/QAgjs9+PTi/iXveno+U86nKGsltjqf3ilYx4Bg=
github.com/jhillyerd/enmime v0.0.0-20180108051658-9d33ba6eca18 h1:tGouPROnPALGU2twylzD1ogkzq6LyR/ZkTMijHdNlOg=
github.com/jhillyerd/enmime v0.0.0-20180108051658-9d33ba6eca18/go.mod h1:osXXRWssHHd0qCVwkkZ9f9xmSUZaPP8rEJsRjs4njvA=
github.com/justinas/alice v0.0.0-20160512134231-052b8b6c18ed h1:Ab4XhecWusSSeIfQ2eySh7kffQ1Wsv6fNSkwefr6AVQ=
github.com/justinas/alice v0.0.0-20160512134231-052b8b6c18ed/go.mod h1:oLH0CmIaxCGXD67VKGR5AacGXZSMznlmeqM8RzPrcY8=
github.com/k0kubun/pp v2.2.0+incompatible h1:CJdCM8D10voAW/MDCZwD7b90vL3CUHjq0konQ4uDMZ8=
github.com/k0kubun/pp v2.2.0+incompatible/go.mod h1:GWse8YhT0p8pT4ir3ZgBbfZild3tgzSScAn6HmfYukg=
github.com/kardianos/osext v0.0.0-20160811001526-c2c54e542fb7 h1:pKv4oHt3kat9yf1jofmaRv3KxGaY5B7VV55GrfXFa74=
github.com/kardianos/osext v0.0.0-20160811001526-c2c54e542fb7/go.mod h1:1NbS8ALrpOvjt0rHPNLyCIeMtbizbir8U//inJ+zuB8=
github.com/kardianos/service v0.0.0-20160824000317-7a88211485df h1:Q/kKR1t3zqXexFPD3REI/WZQQJd5ktjEYTEA96jjHtg=
github.com/kardianos/service v0.0.0-20160824000317-7a88211485df/go.mod h1:10UU/bEkzh2iEN6aYzbevY7J6p03KO5siTxQWXMEerg=
github.com/klauspost/compress v0.0.0-20160421081654-14eb9c495119 h1:Bytj46Eo7i9LGkdBGofDEtgvWDfYnuMN8GFLhQ+di70=
github.com/klauspost/compress v0.0.0-20160421081654-14eb9c495119/go.mod h1:RyIbtBH6LamlWaDj8nUwkbUhJ87Yi3uG0guNDohfE1A=
github.com/klauspost/cpuid v0.0.0-20160302075316-09cded8978dc h1:WW8B7p7QBnFlqRVv/k6ro/S8Z7tCnYjJHcQNScx9YVs=
github.com/klauspost/cpuid v0.0.0-20160302075316-09cded8978dc/go.mod h1:Pj4uuM528wm8OyEC2QMXAi2YiTZ96dNQPGgoMS4s3ek=
github.com/kr/pretty v0.0.0-20150520163514-e6ac2fc51e89 h1:Smt4CPhAnATQEGlX/nyqGETX4Tj8bg/7shBT5gH8d7s=
github.com/kr/pretty v0.0.0-20150520163514-e6ac2fc51e89/go.mod h1:Bvhd+E3laJ0AVkG0c9rmtZcnhV0HQ3+c3YxxqTvc/gA=
github.com/kr/text v0.0.0-20150905224508-bb797dc4fb83 h1:zIzxNaBxRxmbPPCgya4J5KccVN23qXA/V75oApRNahI=
github.com/kr/text v0.0.0-20150905224508-bb797dc4fb83/go.mod h1:sjUstKUATFIcff4qlB53Kml0wQPtJVc/3fWrmuUmcfA=
github.com/magiconair/properties v0.0.0-20160908093658-0723e352fa35 h1:lKVye3pqP9/O2EuIorT0CivWJM3vMzS63kStsgONluY=
github.com/magiconair/properties v0.0.0-20160908093658-0723e352fa35/go.mod h1:PppfXfuXeibc/6YijjN8zIbojt8czPbwD3XqdrwzmxQ=
github.com/mailru/easyjson v0.0.0-20171120080333-32fa128f234d h1:bM4HYnlVXPgUKmzl7o3drEaVfOk+sTBiADAQOWjU+8I=
github.com/mailru/easyjson v0.0.0-20171120080333-32fa128f234d/go.mod h1:C1wdFJiN94OJF2b5HbByQZoLdCWB1Yqtg26g4irojpc=
github.com/mattn/go-colorable v0.0.0-20160512034114-e8a10ddc7d2a h1:mo1GuhY7Z0PnB1yQBbvducrqAf2sLPcQgV6+PxKFRYM=
github.com/mattn/go-colorable v0.0.0-20160512034114-e8a10ddc7d2a/go.mod h1:9vuHe8Xs5qXnSaW/c/ABM9alt+Vo+STaOChaDxuIBZU=
github.com/mattn/go-isatty v0.0.0-20170925054904-a5cdd64afdee h1:tUyoJR5V1TdXnTh9v8c1YAHvDdut2+zkuyUX3gAY/wI=
github.com/mattn/go-isatty v0.0.0-20170925054904-a5cdd64afdee/go.mod h1:M+lRXTBqGeGNdLjl/ufCoiOlB5xdOkqRJdNxMWT7Zi4=
github.com/mattn/go-runewidth v0.0.0-20150216024047-c718ccb0685f h1:8HzV413YZ2Y8iIm51qf4oQheVh9MBLYiKbw5N8moJJU=
github.com/mattn/go-runewidth v0.0.0-20150216024047-c718ccb0685f/go.mod h1:LwmH8dsx7+W8Uxz3IHJYH5QSwggIsqBzpuz5H//U1FU=
github.com/mattn/go-zglob v0.0.0-20171103113818-4b74c24375b3 h1:zv/A8C6QK65+LSW7o5qAJUInKY850bHgy8EFZEa8apg=
github.com/mattn/go-zglob v0.0.0-20171103113818-4b74c24375b3/go.mod h1:9fxibJccNxU2cnpIKLRRFA7zX7qhkJIQWBb449FYHOo=
github.com/matttproud/golang_protobuf_extensions v1.0.1 h1:4hp9jkHxhMHkqkrB3Ix0jegS5sx/RkqARlsWZ6pIwiU=
github.com/matttproud/golang_protobuf_extensions v1.0.1/go.mod h1:D8He9yQNgCq6Z5Ld7szi9bcBfOoFv/3dc6xSMkL2PC0=
github.com/microcosm-cc/bluemonday v0.0.0-20151102182000-4ac6f27528d0 h1:8F2IalCva9gskUNUpvRUdX00lWyuIoR48Paavtbm+xs=
github.com/microcosm-cc/bluemonday v0.0.0-20151102182000-4ac6f27528d0/go.mod h1:hsXNsILzKxV+sX77C5b8FSuKF00vh2OMYv+xgHpAMF4=
github.com/mitchellh/mapstructure v0.0.0-20161020161836-f3009df150da h1:z1HPq7I0Eajh3On8i7MEfqOurIg+aCllNR3omoF2UNY=
github.com/mitchellh/mapstructure v0.0.0-20161020161836-f3009df150da/go.mod h1:FVVH3fgwuzCH5S8UJGiWEs2h04kUh9fWfEaFds41c1Y=
github.com/moul/http2curl v0.0.0-20160201103614-1812aee76a1c h1:U3rddasKU5k/+q3umn6J7DenK9F4W7N42ROz6gD6Iys=
github.com/moul/http2curl v0.0.0-20160201103614-1812aee76a1c/go.mod h1:8UbvGypXm98wA/IqH45anm5Y2Z6ep6O31QGOAZ3H0fQ=
github.com/mxk/go-imap v0.0.0-20150429134902-531c36c3f12d h1:+DgqA2tuWi/8VU+gVgBAa7+WZrnFbPKhQWbKBB54cVs=
github.com/mxk/go-imap v0.0.0-20150429134902-531c36c3f12d/go.mod h1:xacC5qXZnL/ooiitVoe3BtI1OotFTqi5zICBs9J5Fyk=
github.com/nu7hatch/gouuid v0.0.0-20131221200532-179d4d0c4d8d h1:VhgPp6v9qf9Agr/56bj7Y/xa04UccTW04VP0Qed4vnQ=
github.com/nu7hatch/gouuid v0.0.0-20131221200532-179d4d0c4d8d/go.mod h1:YUTz3bUH2ZwIWBy3CJBeOBEugqcmXREj14T+iG/4k4U=
github.com/olekukonko/tablewriter v0.0.0-20160923125401-bdcc175572fd h1:nEatQ6JnwCT9iYD5uqYUiFqq8tJGX25to8KVKXqya7k=
github.com/olekukonko/tablewriter v0.0.0-20160923125401-bdcc175572fd/go.mod h1:vsDQFd/mU46D+Z4whnwzcISnGGzXWMclvtLoiIKAKIo=
github.com/olivere/elastic v6.1.12+incompatible h1:PVT+ZcyAoAEnOukKfvSe1NgVnD9mK9ZKzlWb1ZjPJos=
github.com/olivere/elastic v6.1.12+incompatible/go.mod h1:J+q1zQJTgAz9woqsbVRqGeB5G1iqDKVBWLNSYW8yfJ8=
github.com/oschwald/geoip2-golang v0.0.0-20160506031017-b8dbdc368b6d h1:3zS4ppuStBA7sO7dmnRTaEax/dK9i8N+EIEBteh/5uc=
github.com/oschwald/geoip2-golang v0.0.0-20160506031017-b8dbdc368b6d/go.mod h1:0LTTzix/Ao1uMvOhAV4iLU0Lz7eCrP94qZWBTDKf0iE=
github.com/oschwald/maxminddb-golang v0.0.0-20160523021551-03a3feaec4e5 h1:iA2DjQf+9g873sCTcVyHVp6kuaxs1WoJa7HT7vnBsmw=
github.com/oschwald/maxminddb-golang v0.0.0-20160523021551-03a3feaec4e5/go.mod h1:3jhIUymTJ5VREKyIhWm66LJiQt04F0UCDdodShpjWsY=
github.com/parnurzeal/gorequest v0.2.15 h1:oPjDCsF5IkD4gUk6vIgsxYNaSgvAnIh1EJeROn3HdJU=
github.com/parnurzeal/gorequest v0.2.15/go.mod h1:3Kh2QUMJoqw3icWAecsyzkpY7UzRfDhbRdTjtNwNiUE=
github.com/patrickmn/go-cache v0.0.0-20161125234819-e7a9def80f35 h1:CAmSh4QgnRAEF9T8zkdcfzfutT74Tqyi3Hd/Ipof48w=
github.com/patrickmn/go-cache v0.0.0-20161125234819-e7a9def80f35/go.mod h1:3Qf8kWWT7OJRJbdiICTKqZju1ZixQ/KpMGzzAfe6+WQ=
github.com/pierrec/lz4 v2.0.5+incompatible h1:2xWsjqPFWcplujydGg4WmhC/6fZqK42wMM8aXeqhl0I=
github.com/pierrec/lz4 v2.0.5+incompatible/go.mod h1:pdkljMzZIN41W+lC3N2tnIh5sFi+IEE17M5jbnwPHcY=
github.com/pkg/errors v0.0.0-20170910134614-2b3a18b5f0fb h1:jqgy5xL4OiYfjh8g+suiKXNwSJnf+a/HjO5XKaLOR+c=
github.com/pkg/errors v0.0.0-20170910134614-2b3a18b5f0fb/go.mod h1:bwawxfHBFNV+L2hUp1rHADufV3IMtnDRdf1r5NINEl0=
github.com/pmezard/go-difflib v1.0.0 h1:4DBwDE0NGyQoBHbLQYPwSUPoCMWR5BEzIk/f1lZbAQM=
github.com/pmezard/go-difflib v1.0.0/go.mod h1:iKH77koFhYxTK1pcRnkKkqfTogsbg7gZNVY4sRDYZ/4=
github.com/prometheus/client_golang v0.0.0-20160802072246-52437c81da6b h1:FBSxD2pyjKYZonsSBJlP1d4uzYt7ei7s1gY4/lYLljg=
github.com/prometheus/client_golang v0.0.0-20160802072246-52437c81da6b/go.mod h1:7SWBe2y4D6OKWSNQJUaRYU/AaXPKyh/dDVn+NZz0KFw=
github.com/prometheus/client_model v0.0.0-20150212101744-fa8ad6fec335 h1:0E/5GnGmzoDCtmzTycjGDWW33H0UBmAhR0h+FC8hWLs=
github.com/prometheus/client_model v0.0.0-20150212101744-fa8ad6fec335/go.mod h1:MbSGuTsp3dbXC40dX6PRTWyKYBIrTGTE9sqQNg2J8bo=
github.com/prometheus/common v0.0.0-20160801171955-ebdfc6da4652 h1:A/LzG6yfGZUKPD+rhVa5CAqQawH8KHuLlZgukD8dxLs=
github.com/prometheus/common v0.0.0-20160801171955-ebdfc6da4652/go.mod h1:daVV7qP5qjZbuso7PdcryaAu0sAZbrN9i7WWcTMWvro=
github.com/prometheus/procfs v0.0.0-20160411190841-abf152e5f3e9 h1:IrO4Eb9oGw+GxzOhO4b2QC5EWO85Omh/4iTSPZktMm8=
github.com/prometheus/procfs v0.0.0-20160411190841-abf152e5f3e9/go.mod h1:c3At6R/oaqEKCNdg8wHV1ftS6bRYblBhIjjI8uT2IGk=
github.com/rainycape/unidecode v0.0.0-20150907023854-cb7f23ec59be h1:ta7tUOvsPHVHGom5hKW5VXNc2xZIkfCKP8iaqOyYtUQ=
github.com/rainycape/unidecode v0.0.0-20150907023854-cb7f23ec59be/go.mod h1:MIDFMn7db1kT65GmV94GzpX9Qdi7N/pQlwb+AN8wh+Q=
github.com/russross/blackfriday v0.0.0-20170413173632-b253417e1cb6 h1:vLQLgRJBej/FfKfSWe6eUEeJLdGhHhyhwAioV6cQFcU=
github.com/russross/blackfriday v0.0.0-20170413173632-b253417e1cb6/go.mod h1:JO/DiYxRf+HjHt06OyowR9PTA263kcR/rfWxYHBV53g=
github.com/segmentio/kafka-go v0.2.1 h1:rB6f9WGQe7FRC4DioWDEhUPaK9gkUa4l4FP1NF8ggKg=
github.com/segmentio/kafka-go v0.2.1/go.mod h1:X6itGqS9L4jDletMsxZ7Dz+JFWxM6JHfPOCvTvk+EJo=
github.com/shurcooL/sanitized_anchor_name v0.0.0-20160918041101-1dba4b3954bc h1:3wIrJvFb3Pf6B/2mDBnN1G5IfUVev4X5apadQlWOczE=
github.com/shurcooL/sanitized_anchor_name v0.0.0-20160918041101-1dba4b3954bc/go.mod h1:1NzhyTcUVG4SuEtjjoZeVRXNmyL/1OwPU0+IJeTBvfc=
github.com/sirupsen/logrus v0.0.0-20170113011911-61e43dc76f7e h1:IXkSIQtLcTXF+cf8XZ3JoKPMrtZCFLhKUGvgCWLjImo=
github.com/sirupsen/logrus v0.0.0-20170113011911-61e43dc76f7e/go.mod h1:pMByvHTf9Beacp5x1UXfOR9xyW/9antXMhjMPG0dEzc=
github.com/sloonz/go-qprintable v0.0.0-20160203160305-775b3a4592d5 h1:kr3of2TY0avjMhryOvEOUExpDF5yYRs3PFUGpwsawUw=
github.com/sloonz/go-qprintable v0.0.0-20160203160305-775b3a4592d5/go.mod h1:rvsMTVl5yyd7liGH3cxu5eRjfNcC1WkSKe4HBSZ3ZA4=
github.com/spf13/cast v1.1.0 h1:0Rhw4d6C8J9VPu6cjZLIhZ8+aAOHcDvGeKn+cq5Aq3k=
github.com/spf13/cast v1.1.0/go.mod h1:r2rcYCSwa1IExKTDiTfzaxqT2FNHs8hODu4LnUfgKEg=
github.com/spf13/cobra v0.0.0-20160509093722-0f866a6211e3 h1:2PWarf08nCmaY801D8QDyyh3n5UbZ8pmT9N6+aCbGGM=
github.com/spf13/cobra v0.0.0-20160509093722-0f866a6211e3/go.mod h1:1l0Ry5zgKvJasoi3XT1TypsSe7PqH0Sj9dhYf7v3XqQ=
github.com/spf13/jwalterweatherman v0.0.0-20160311093646-33c24e77fb80 h1:evyGXhHMrxKBDkdlSPv9HMWV2o53o+Ibhm28BGc0450=
github.com/spf13/jwalterweatherman v0.0.0-20160311093646-33c24e77fb80/go.mod h1:cQK4TGJAtQXfYWX+Ddv3mKDzgVb68N+wFjFa4jdeBTo=
github.com/spf13/pflag v0.0.0-20160427162146-cb88ea77998c h1:nKSqf1F72lP/EWecUpeCXINWfP8aAa5TXORk21x0xw8=
github.com/spf13/pflag v0.0.0-20160427162146-cb88ea77998c/go.mod h1:DYY7MBk1bdzusC3SYhjObp+wFpr4gzcvqqNjLnInEg4=
github.com/spf13/viper v0.0.0-20151224152530-110492b30012 h1:lP47dI6d6Ncjp/DyO8YybjiX2YxuO1hlVGKOUS06dgI=
github.com/spf13/viper v0.0.0-20151224152530-110492b30012/go.mod h1:A8kyI5cUJhb8N+3pkfONlcEcZbueH6nhAm0Fq7SrnBM=
github.com/ssor/bom v0.0.0-20170718123548-6386211fdfcf h1:pvbZ0lM0XWPBqUKqFU8cmavspvIl9nulOYwdy6IFRRo=
github.com/ssor/bom v0.0.0-20170718123548-6386211fdfcf/go.mod h1:RJID2RhlZKId02nZ62WenDCkgHFerpIOmW0iT7GKmXM=
github.com/streadway/amqp v0.0.0-20160311215503-2e25825abdbd h1:625/bJvSNfQrzzK5ttnUqMqnVe8M5MILmf5ZRGgeeDY=
github.com/streadway/amqp v0.0.0-20160311215503-2e25825abdbd/go.mod h1:1WNBiOZtZQLpVAyu0iTduoJL9hEsMloAK5XWrtW0xdY=
github.com/stretchr/objx v0.0.0-20150928122152-1a9d0bb9f541 h1:nvL7eaZN/Zw5emVOGaOclbLMeFO030UrPtWFTUS0p80=
github.com/stretchr/objx v0.0.0-20150928122152-1a9d0bb9f541/go.mod h1:HFkY916IF+rwdDfMAkV7OtwuqBVzrE8GR6GFx+wExME=
github.com/stretchr/testify v0.0.0-20160925220609-976c720a22c8 h1:8wC8CPnIozQ1PGwYrFIxpYp10uhkEYhuTnoEJWrVj84=
github.com/stretchr/testify v0.0.0-20160925220609-976c720a22c8/go.mod h1:a8OnRcib4nhh0OaRAV+Yts87kKdq0PP7pXfy6kDkUVs=
github.com/taknb2nch/go-pop3 v0.0.0-20140407022049-72f6fae12d45 h1:KyiW6p0IVch1ceqS4G0YZ+Vm9XFwbmN2htUC7FXwlCg=
github.com/taknb2nch/go-pop3 v0.0.0-20140407022049-72f6fae12d45/go.mod h1:dWIdgIrRt9JfmNIDV7ibNZDZG/Rarc+KQwMHtIkZiSk=
github.com/timshannon/bolthold v0.0.0-20170929221203-bb7fe75fc693 h1:J283s7z2L12MpSlhMq6cy+TGq/iBYlC3gvT+mKM9QUM=
github.com/timshannon/bolthold v0.0.0-20170929221203-bb7fe75fc693/go.mod h1:jUigdmrbdCxcIDEFrq82t4X9805XZfwFZoYUap0ET/U=
github.com/tommy351/gin-sessions v0.0.0-20150617141853-353060947eb6 h1:AlxjM5zhlVJhzzCSTrdgHOLagMl8eo2VhvJJKBXihAM=
github.com/tommy351/gin-sessions v0.0.0-20150617141853-353060947eb6/go.mod h1:Z322RVSctbqRYhFCVnLI+hNZUBoAarOPebn/B5XXSJY=
github.com/ugorji/go v0.0.0-20170918222552-54210f4e076c h1:qU3vHuDIMp9u7C2igfsnhImvuhfr3hr7pPJku2rJQZg=
github.com/ugorji/go v0.0.0-20170918222552-54210f4e076c/go.mod h1:hnLbHMwcvSihnDhEfx2/BzKp2xb0Y+ErdfYcrs9tkJQ=
github.com/vjeantet/bitfan v0.0.0-20180507150025-691b052023dd h1:MQlJU6NmZDSb1eTSJiY3zvVr2URSVxnuSKcOlSub5pI=
github.com/vjeantet/bitfan v0.0.0-20180507150025-691b052023dd/go.mod h1:enUOlyi2pAlt2mygm7oPn8Gr9EVZb5Ai4GMpI9wf2tE=
github.com/vjeantet/cron v0.0.0-20170120222159-9be85e4303ac h1:mR8xga1SSJ6GIEn01l0Q3cDUoNWydkwdqIBibcdvwOw=
github.com/vjeantet/cron v0.0.0-20170120222159-9be85e4303ac/go.mod h1:fPexnJyUTMoToTMa70faOZtv1wP0bJUouk4LErP+CzY=
github.com/vjeantet/go-lexer v0.0.0-20160514074906-7344c549c57e h1:+UMC70hHVxbjODPByNdTZBUi584rM5jVpSlj6hpQSeA=
github.com/vjeantet/go-lexer v0.0.0-20160514074906-7344c549c57e/go.mod h1:UdC3+uuNFAOReopJXO+7FqoehOk/sRO4z/6rJSZemmw=
github.com/vjeantet/go.enmime v0.0.0-20160516094739-278de7067204 h1:MFY72Ko+jyUqntlk2rTRZK5vWrHozJvBEyJLaRFz49Y=
github.com/vjeantet/go.enmime v0.0.0-20160516094739-278de7067204/go.mod h1:SW3Xx+dP+MEGYlHNnceToXZP8BNBWRr2GEEDkUAx2co=
github.com/vjeantet/grok v1.0.0 h1:uxMqatJP6MOFXsj6C1tZBnqqAThQEeqnizUZ48gSJQQ=
github.com/vjeantet/grok v1.0.0/go.mod h1:/FWYEVYekkm+2VjcFmO9PufDU5FgXHUz9oy2EGqmQBo=
github.com/vjeantet/jodaTime v0.0.0-20170816150230-be924ce213fb h1:9Cx/q/wd5p+BjCDBjY+rauPbwoS+chrnQ9MKMUtv/hs=
github.com/vjeantet/jodaTime v0.0.0-20170816150230-be924ce213fb/go.mod h1:XK4iy/zfkdRGe+lWQYwmebWh0IIMIe6+wi3APUAiCJ0=
golang.org/x/net v0.0.0-20170114055629-f2499483f923 h1:cLl2p2++IYXqH4YzQ7uIc7QLOa4SU0x1vSy9Da++V94=
golang.org/x/net v0.0.0-20170114055629-f2499483f923/go.mod h1:mL1N/T3taQHkDXs73rZJwtUhF3w3ftmwwsq0BUmARs4=
golang.org/x/sync v0.0.0-20170517211232-f52d1811a629 h1:wqoYUzeICxRnvJCvfHTh0OY0VQ6xern7nYq+ccc19e4=
golang.org/x/sync v0.0.0-20170517211232-f52d1811a629/go.mod h1:RxMgew5VJxzue5/jJTE5uejpjVlOe/izrB70Jof72aM=
golang.org/x/sys v0.0.0-20170801173736-396c9fc8fb0c h1:dTtAbWUSATgSGtxmXg3wi2XqD53qfpC2QtkH/hIlVb8=
golang.org/x/sys v0.0.0-20170801173736-396c9fc8fb0c/go.mod h1:STP8DvDyc/dI5b8T5hshtkjS+E42TnysNCUPdjciGhY=
golang.org/x/text v0.0.0-20170606172603-ab6d1c143672 h1:AFqk0FKv14gJs9m3YCVhb74IEaMN0mu62TVP3D8q9gU=
golang.org/x/text v0.0.0-20170606172603-ab6d1c143672/go.mod h1:NqM8EUOU14njkJ3fqMW+pc6Ldnwhi/IjpwHt7yyuwOQ=
gopkg.in/Knetic/govaluate.v3 v3.0.0 h1:18mUyIt4ZlRlFZAAfVetz4/rzlJs9yhN+U02F4u1AOc=
gopkg.in/Knetic/govaluate.v3 v3.0.0/go.mod h1:csKLBORsPbafmSCGTEh3U7Ozmsuq8ZSIlKk1bcqph0E=
gopkg.in/alecthomas/kingpin.v2 v2.1.11 h1:XkypDUTQATD111Q6hJPVuyjVynaJV9DW27v01t91IbM=
gopkg.in/alecthomas/kingpin.v2 v2.1.11/go.mod h1:FMv+mEhP44yOT+4EoQTLFTRgOQ1FBLkstjWtayDeSgw=
gopkg.in/alexcesaro/statsd.v2 v2.0.0 h1:FXkZSCZIH17vLCO5sO2UucTHsH9pc+17F6pl3JVCwMc=
gopkg.in/alexcesaro/statsd.v2 v2.0.0/go.mod h1:i0ubccKGzBVNBpdGV5MocxyA/XlLUJzA7SLonnE4drU=
gopkg.in/asn1-ber.v1 v1.0.0-20170511165959-379148ca0225 h1:JBwmEvLfCqgPcIq8MjVMQxsF3LVL4XG/HH0qiG0+IFY=
gopkg.in/asn1-ber.v1 v1.0.0-20170511165959-379148ca0225/go.mod h1:cuepJuh7vyXfUyUwEgHQXw849cJrilpS5NeIjOWESAw=
gopkg.in/fsnotify.v1 v1.2.8 h1:BHtBmcj32Obn0a1gQtl294WlsVxsJk8BaiACmPRxHIg=
gopkg.in/fsnotify.v1 v1.2.8/go.mod h1:Tz8NjZHkW78fSQdbUxIjBTcgA1z1m8ZHf0WmKUhAMys=
gopkg.in/go-playground/validator.v8 v8.17.1 h1:W1Q1z7rfiJiNhoBkHYqb9TJAdOqPXsyNeZ+8cAzP+kg=
gopkg.in/go-playground/validator.v8 v8.17.1/go.mod h1:RX2a/7Ha8BgOhfk7j780h4/u/RRjR0eouCJSH80/M2Y=
gopkg.in/gomail.v2 v2.0.0-20160411212932-81ebce5c23df h1:n7WqCuqOuCbNr617RXOY0AWRXxgwEyPp2z+p0+hgMuE=
gopkg.in/gomail.v2 v2.0.0-20160411212932-81ebce5c23df/go.mod h1:LRQQ+SO6ZHR7tOkpBDuZnXENFzX8qRjMDMyPD6BRkCw=
gopkg.in/ldap.v2 v2.5.0 h1:1rO3ojzsHUk+gq4ZYhC4Pg+EzWaaKIV8+DJwExS5/QQ=
gopkg.in/ldap.v2 v2.5.0/go.mod h1:oI0cpe/D7HRtBQl8aTg+ZmzFUAvu4lsv3eLXMLGFxWk=
gopkg.in/mcuadros/go-syslog.v2 v2.1.0 h1:ejPVHmrOWRvVImi1ehFiIBAtqOqNH1jwBnx4t8q2h4I=
gopkg.in/mcuadros/go-syslog.v2 v2.1.0/go.mod h1:l5LPIyOOyIdQquNg+oU6Z3524YwrcqEm0aKH+5zpt2U=
gopkg.in/mgo.v2 v2.0.0-20160818020120-3f83fa500528 h1:/saqWwm73dLmuzbNhe92F0QsZ/KiFND+esHco2v1hiY=
gopkg.in/mgo.v2 v2.0.0-20160818020120-3f83fa500528/go.mod h1:yeKp02qBN3iKW1OzL3MGk2IdtZzaj7SFntXj72NppTA=
gopkg.in/olivere/elastic.v2 v2.0.42/go.mod h1:CTVyl1gckiFw1aLZYxC00g3f9jnHmhoOKcWF7W3c6n4=
gopkg.in/olivere/elastic.v3 v3.0.54 h1:I+5cbn41ikLbnSoFRHcnNIVXZ/1Lux+NuOJeo1ZdScE=
gopkg.in/olivere/elastic.v3 v3.0.54/go.mod h1:yDEuSnrM51Pc8dM5ov7U8aI/ToR3PG0llA8aRv2qmw0=
gopkg.in/olivere/elastic.v5 v5.0.66 h1:9rTOj/fbc1IpzV2rpR7nVODM4FTfh5XdTxjldd5Gl+c=
gopkg.in/olivere/elastic.v5 v5.0.66/go.mod h1:FylZT6jQWtfHsicejzOm3jIMVPOAksa80i3o+6qtQRk=
gopkg.in/olivere/elastic.v6 v6.1.12 h1:hJRCxqmO5kfDMr+9qjB3elnqJt09BMS1pDn8ch3uh58=
gopkg.in/olivere/elastic.v6 v6.1.12/go.mod h1:2cTT8Z+/LcArSWpCgvZqBgt3VOqXiy7v00w12Lz8bd4=
gopkg.in/tomb.v1 v1.0.0-20141024135613-dd632973f1e7 h1:uRGJdciOHaEIrze2W8Q3AKkepLTh2hOroT7a+7czfdQ=
gopkg.in/tomb.v1 v1.0.0-20141024135613-dd632973f1e7/go.mod h1:dt/ZhP58zS4L8KSrWDmTeBkI65Dw0HsyUHuEVlX15mw=
gopkg.in/yaml.v2 v2.0.0-20160928153709-a5b47d31c556 h1:hKXbLW5oaJoQgs8KrzTLdF4PoHi+0oQPgea9TNtvE3E=
gopkg.in/yaml.v2 v2.0.0-20160928153709-a5b47d31c556/go.mod h1:JAlM8MvJe8wmxCU4Bli9HhUf9+ttbYbLASfIpnQbh74=
